<Solution>
  <Folder Name="/src/">
    <Project Path="src/HlslPerf.Core/HlslPerf.Core.csproj" />
    <Project Path="src/HlslPerf.Workloads/HlslPerf.Workloads.csproj" />
    <Project Path="src/HlslPerf.Rga/HlslPerf.Rga.csproj" />
    <Project Path="src/HlslPerf.D3D12/HlslPerf.D3D12.csproj" />
    <Project Path="src/HlslPerf.Cli/HlslPerf.Cli.csproj" />
    <Project Path="src/HlslPerf.Showcase/HlslPerf.Showcase.csproj" />
  </Folder>
  <Folder Name="/tests/">
    <Project Path="tests/HlslPerf.Core.Tests/HlslPerf.Core.Tests.csproj" />
  </Folder>
</Solution>
